Microsoft Visual Studio Solution File, Format Version 12.00
# Visual Studio Version 17
VisualStudioVersion = 17.5.2.0
MinimumVisualStudioVersion = 10.0.40219.1
Project("{FAE04EC0-301F-11D3-BF4B-00C04F79EFBC}") = "10jan", "10jan.csproj", "{C17FCBCE-E0E1-99C1-C7A0-4C1ABFE1B10F}"
EndProject
Global
	GlobalSection(SolutionConfigurationPlatforms) = preSolution
		Debug|Any CPU = Debug|Any CPU
		Release|Any CPU = Release|Any CPU
	EndGlobalSection
	GlobalSection(ProjectConfigurationPlatforms) = postSolution
		{C17FCBCE-E0E1-99C1-C7A0-4C1ABFE1B10F}.Debug|Any CPU.ActiveCfg = Debug|Any CPU
		{C17FCBCE-E0E1-99C1-C7A0-4C1ABFE1B10F}.Debug|Any CPU.Build.0 = Debug|Any CPU
		{C17FCBCE-E0E1-99C1-C7A0-4C1ABFE1B10F}.Release|Any CPU.ActiveCfg = Release|Any CPU
		{C17FCBCE-E0E1-99C1-C7A0-4C1ABFE1B10F}.Release|Any CPU.Build.0 = Release|Any CPU
	EndGlobalSection
	GlobalSection(SolutionProperties) = preSolution
		HideSolutionNode = FALSE
	EndGlobalSection
	GlobalSection(ExtensibilityGlobals) = postSolution
		SolutionGuid = {82D9F069-E5C3-46D3-A317-BD0DB0BECDC6}
	EndGlobalSection
EndGlobal
