Microsoft Visual Studio Solution File, Format Version 12.00
# Visual Studio Version 17
VisualStudioVersion = 17.5.2.0
MinimumVisualStudioVersion = 10.0.40219.1
Project("{2150E333-8FDC-42A3-9474-1A3956D46DE8}") = "String", "String", "{13434C82-356F-551A-6C16-4AD5F6C3DB5F}"
EndProject
Project("{FAE04EC0-301F-11D3-BF4B-00C04F79EFBC}") = "AllFunctions", "String\AllFunctions\AllFunctions.csproj", "{97A58423-6D59-110B-A9DC-01D42AC761EE}"
EndProject
Global
	GlobalSection(SolutionConfigurationPlatforms) = preSolution
		Debug|Any CPU = Debug|Any CPU
		Release|Any CPU = Release|Any CPU
	EndGlobalSection
	GlobalSection(ProjectConfigurationPlatforms) = postSolution
		{97A58423-6D59-110B-A9DC-01D42AC761EE}.Debug|Any CPU.ActiveCfg = Debug|Any CPU
		{97A58423-6D59-110B-A9DC-01D42AC761EE}.Debug|Any CPU.Build.0 = Debug|Any CPU
		{97A58423-6D59-110B-A9DC-01D42AC761EE}.Release|Any CPU.ActiveCfg = Release|Any CPU
		{97A58423-6D59-110B-A9DC-01D42AC761EE}.Release|Any CPU.Build.0 = Release|Any CPU
	EndGlobalSection
	GlobalSection(SolutionProperties) = preSolution
		HideSolutionNode = FALSE
	EndGlobalSection
	GlobalSection(NestedProjects) = preSolution
		{97A58423-6D59-110B-A9DC-01D42AC761EE} = {13434C82-356F-551A-6C16-4AD5F6C3DB5F}
	EndGlobalSection
	GlobalSection(ExtensibilityGlobals) = postSolution
		SolutionGuid = {A7425EDE-2225-4C36-9B26-BF6D56F5E10E}
	EndGlobalSection
EndGlobal
