Microsoft Visual Studio Solution File, Format Version 12.00
# Visual Studio Version 17
VisualStudioVersion = 17.5.2.0
MinimumVisualStudioVersion = 10.0.40219.1
Project("{FAE04EC0-301F-11D3-BF4B-00C04F79EFBC}") = "StudentPortalAPI", "StudentPortalAPI.csproj", "{A54FB790-574F-C1D8-7E33-F75B61C9F46D}"
EndProject
Global
	GlobalSection(SolutionConfigurationPlatforms) = preSolution
		Debug|Any CPU = Debug|Any CPU
		Release|Any CPU = Release|Any CPU
	EndGlobalSection
	GlobalSection(ProjectConfigurationPlatforms) = postSolution
		{A54FB790-574F-C1D8-7E33-F75B61C9F46D}.Debug|Any CPU.ActiveCfg = Debug|Any CPU
		{A54FB790-574F-C1D8-7E33-F75B61C9F46D}.Debug|Any CPU.Build.0 = Debug|Any CPU
		{A54FB790-574F-C1D8-7E33-F75B61C9F46D}.Release|Any CPU.ActiveCfg = Release|Any CPU
		{A54FB790-574F-C1D8-7E33-F75B61C9F46D}.Release|Any CPU.Build.0 = Release|Any CPU
	EndGlobalSection
	GlobalSection(SolutionProperties) = preSolution
		HideSolutionNode = FALSE
	EndGlobalSection
	GlobalSection(ExtensibilityGlobals) = postSolution
		SolutionGuid = {E483E159-7B17-4938-9B60-27C3C74351EA}
	EndGlobalSection
EndGlobal
