Microsoft Visual Studio Solution File, Format Version 12.00
# Visual Studio Version 17
VisualStudioVersion = 17.5.2.0
MinimumVisualStudioVersion = 10.0.40219.1
Project("{FAE04EC0-301F-11D3-BF4B-00C04F79EFBC}") = "6Jan", "6Jan.csproj", "{045940C9-1C55-9C31-5B0C-F1903FF454F2}"
EndProject
Global
	GlobalSection(SolutionConfigurationPlatforms) = preSolution
		Debug|Any CPU = Debug|Any CPU
		Release|Any CPU = Release|Any CPU
	EndGlobalSection
	GlobalSection(ProjectConfigurationPlatforms) = postSolution
		{045940C9-1C55-9C31-5B0C-F1903FF454F2}.Debug|Any CPU.ActiveCfg = Debug|Any CPU
		{045940C9-1C55-9C31-5B0C-F1903FF454F2}.Debug|Any CPU.Build.0 = Debug|Any CPU
		{045940C9-1C55-9C31-5B0C-F1903FF454F2}.Release|Any CPU.ActiveCfg = Release|Any CPU
		{045940C9-1C55-9C31-5B0C-F1903FF454F2}.Release|Any CPU.Build.0 = Release|Any CPU
	EndGlobalSection
	GlobalSection(SolutionProperties) = preSolution
		HideSolutionNode = FALSE
	EndGlobalSection
	GlobalSection(ExtensibilityGlobals) = postSolution
		SolutionGuid = {56A15AC8-4BAA-4B5A-9DE0-68781B060D8F}
	EndGlobalSection
EndGlobal
