Microsoft Visual Studio Solution File, Format Version 12.00
# Visual Studio Version 17
VisualStudioVersion = 17.5.2.0
MinimumVisualStudioVersion = 10.0.40219.1
Project("{FAE04EC0-301F-11D3-BF4B-00C04F79EFBC}") = "RoleBasedMvcApp", "RoleBasedMvcApp\RoleBasedMvcApp.csproj", "{AAEB21A9-4B8E-E90B-C3AE-BC2740FF8FBF}"
EndProject
Global
	GlobalSection(SolutionConfigurationPlatforms) = preSolution
		Debug|Any CPU = Debug|Any CPU
		Release|Any CPU = Release|Any CPU
	EndGlobalSection
	GlobalSection(ProjectConfigurationPlatforms) = postSolution
		{AAEB21A9-4B8E-E90B-C3AE-BC2740FF8FBF}.Debug|Any CPU.ActiveCfg = Debug|Any CPU
		{AAEB21A9-4B8E-E90B-C3AE-BC2740FF8FBF}.Debug|Any CPU.Build.0 = Debug|Any CPU
		{AAEB21A9-4B8E-E90B-C3AE-BC2740FF8FBF}.Release|Any CPU.ActiveCfg = Release|Any CPU
		{AAEB21A9-4B8E-E90B-C3AE-BC2740FF8FBF}.Release|Any CPU.Build.0 = Release|Any CPU
	EndGlobalSection
	GlobalSection(SolutionProperties) = preSolution
		HideSolutionNode = FALSE
	EndGlobalSection
	GlobalSection(ExtensibilityGlobals) = postSolution
		SolutionGuid = {05AD4449-0A6B-4C34-90DE-973CE6F4CD8A}
	EndGlobalSection
EndGlobal
