Microsoft Visual Studio Solution File, Format Version 12.00
# Visual Studio Version 17
VisualStudioVersion = 17.5.2.0
MinimumVisualStudioVersion = 10.0.40219.1
Project("{FAE04EC0-301F-11D3-BF4B-00C04F79EFBC}") = "10dec", "10dec.csproj", "{11FC013C-CAB0-766E-3A10-77C3982450DD}"
EndProject
Global
	GlobalSection(SolutionConfigurationPlatforms) = preSolution
		Debug|Any CPU = Debug|Any CPU
		Release|Any CPU = Release|Any CPU
	EndGlobalSection
	GlobalSection(ProjectConfigurationPlatforms) = postSolution
		{11FC013C-CAB0-766E-3A10-77C3982450DD}.Debug|Any CPU.ActiveCfg = Debug|Any CPU
		{11FC013C-CAB0-766E-3A10-77C3982450DD}.Debug|Any CPU.Build.0 = Debug|Any CPU
		{11FC013C-CAB0-766E-3A10-77C3982450DD}.Release|Any CPU.ActiveCfg = Release|Any CPU
		{11FC013C-CAB0-766E-3A10-77C3982450DD}.Release|Any CPU.Build.0 = Release|Any CPU
	EndGlobalSection
	GlobalSection(SolutionProperties) = preSolution
		HideSolutionNode = FALSE
	EndGlobalSection
	GlobalSection(ExtensibilityGlobals) = postSolution
		SolutionGuid = {915EEBE2-55BA-40E4-A61A-65EFCC5490BF}
	EndGlobalSection
EndGlobal
