Microsoft Visual Studio Solution File, Format Version 12.00
# Visual Studio Version 17
VisualStudioVersion = 17.5.2.0
MinimumVisualStudioVersion = 10.0.40219.1
Project("{FAE04EC0-301F-11D3-BF4B-00C04F79EFBC}") = "14jan", "14jan.csproj", "{36BD0B31-D77D-7811-5BF8-396694736FCC}"
EndProject
Global
	GlobalSection(SolutionConfigurationPlatforms) = preSolution
		Debug|Any CPU = Debug|Any CPU
		Release|Any CPU = Release|Any CPU
	EndGlobalSection
	GlobalSection(ProjectConfigurationPlatforms) = postSolution
		{36BD0B31-D77D-7811-5BF8-396694736FCC}.Debug|Any CPU.ActiveCfg = Debug|Any CPU
		{36BD0B31-D77D-7811-5BF8-396694736FCC}.Debug|Any CPU.Build.0 = Debug|Any CPU
		{36BD0B31-D77D-7811-5BF8-396694736FCC}.Release|Any CPU.ActiveCfg = Release|Any CPU
		{36BD0B31-D77D-7811-5BF8-396694736FCC}.Release|Any CPU.Build.0 = Release|Any CPU
	EndGlobalSection
	GlobalSection(SolutionProperties) = preSolution
		HideSolutionNode = FALSE
	EndGlobalSection
	GlobalSection(ExtensibilityGlobals) = postSolution
		SolutionGuid = {2E00C98B-4B7C-4883-A23C-77B0AA2E524A}
	EndGlobalSection
EndGlobal
