Microsoft Visual Studio Solution File, Format Version 12.00
# Visual Studio Version 17
VisualStudioVersion = 17.5.2.0
MinimumVisualStudioVersion = 10.0.40219.1
Project("{FAE04EC0-301F-11D3-BF4B-00C04F79EFBC}") = "Ajax", "Ajax\Ajax.csproj", "{FB51ECFA-C84C-014B-DA36-325D1452C755}"
EndProject
Global
	GlobalSection(SolutionConfigurationPlatforms) = preSolution
		Debug|Any CPU = Debug|Any CPU
		Release|Any CPU = Release|Any CPU
	EndGlobalSection
	GlobalSection(ProjectConfigurationPlatforms) = postSolution
		{FB51ECFA-C84C-014B-DA36-325D1452C755}.Debug|Any CPU.ActiveCfg = Debug|Any CPU
		{FB51ECFA-C84C-014B-DA36-325D1452C755}.Debug|Any CPU.Build.0 = Debug|Any CPU
		{FB51ECFA-C84C-014B-DA36-325D1452C755}.Release|Any CPU.ActiveCfg = Release|Any CPU
		{FB51ECFA-C84C-014B-DA36-325D1452C755}.Release|Any CPU.Build.0 = Release|Any CPU
	EndGlobalSection
	GlobalSection(SolutionProperties) = preSolution
		HideSolutionNode = FALSE
	EndGlobalSection
	GlobalSection(ExtensibilityGlobals) = postSolution
		SolutionGuid = {ABBDE165-4B25-49E7-8D93-066FF50CBF70}
	EndGlobalSection
EndGlobal
